// !$*UTF8*$!
{
	archiveVersion = 1;
	classes = {
	};
	objectVersion = 77;
	objects = {

/* Begin PBXBuildFile section */
		590977822CE6525F00C77D8F /* NetworkManager.framework in Frameworks */ = {isa = PBXBuildFile; fileRef = 590977812CE6525F00C77D8F /* NetworkManager.framework */; };
		590977832CE6525F00C77D8F /* NetworkManager.framework in Embed Frameworks */ = {isa = PBXBuildFile; fileRef = 590977812CE6525F00C77D8F /* NetworkManager.framework */; settings = {ATTRIBUTES = (CodeSignOnCopy, RemoveHeadersOnCopy, ); }; };
		590977852CE6526700C77D8F /* Core.framework in Frameworks */ = {isa = PBXBuildFile; fileRef = 590977842CE6526700C77D8F /* Core.framework */; };
		590977862CE6526700C77D8F /* Core.framework in Embed Frameworks */ = {isa = PBXBuildFile; fileRef = 590977842CE6526700C77D8F /* Core.framework */; settings = {ATTRIBUTES = (CodeSignOnCopy, RemoveHeadersOnCopy, ); }; };
		592631422CE7B81300852513 /* AIChat.framework in Frameworks */ = {isa = PBXBuildFile; fileRef = 590977D42CE7120700C77D8F /* AIChat.framework */; };
		592631432CE7B81300852513 /* AIChat.framework in Embed Frameworks */ = {isa = PBXBuildFile; fileRef = 590977D42CE7120700C77D8F /* AIChat.framework */; settings = {ATTRIBUTES = (CodeSignOnCopy, RemoveHeadersOnCopy, ); }; };
		592631442CE7B81500852513 /* DoctorChat.framework in Frameworks */ = {isa = PBXBuildFile; fileRef = 590978152CE7177100C77D8F /* DoctorChat.framework */; };
		592631452CE7B81500852513 /* DoctorChat.framework in Embed Frameworks */ = {isa = PBXBuildFile; fileRef = 590978152CE7177100C77D8F /* DoctorChat.framework */; settings = {ATTRIBUTES = (CodeSignOnCopy, RemoveHeadersOnCopy, ); }; };
		592631462CE7B81700852513 /* Home.framework in Frameworks */ = {isa = PBXBuildFile; fileRef = 590977562CE64B6000C77D8F /* Home.framework */; };
		592631472CE7B81700852513 /* Home.framework in Embed Frameworks */ = {isa = PBXBuildFile; fileRef = 590977562CE64B6000C77D8F /* Home.framework */; settings = {ATTRIBUTES = (CodeSignOnCopy, RemoveHeadersOnCopy, ); }; };
		592631482CE7B81900852513 /* MedicalPreparet.framework in Frameworks */ = {isa = PBXBuildFile; fileRef = 5926313B2CE72C3100852513 /* MedicalPreparet.framework */; };
		592631492CE7B81900852513 /* MedicalPreparet.framework in Embed Frameworks */ = {isa = PBXBuildFile; fileRef = 5926313B2CE72C3100852513 /* MedicalPreparet.framework */; settings = {ATTRIBUTES = (CodeSignOnCopy, RemoveHeadersOnCopy, ); }; };
		5926314A2CE7B81B00852513 /* Register.framework in Frameworks */ = {isa = PBXBuildFile; fileRef = 59005BFD2CE61941009F5522 /* Register.framework */; };
		5926314B2CE7B81B00852513 /* Register.framework in Embed Frameworks */ = {isa = PBXBuildFile; fileRef = 59005BFD2CE61941009F5522 /* Register.framework */; settings = {ATTRIBUTES = (CodeSignOnCopy, RemoveHeadersOnCopy, ); }; };
		5926327F2CE8330B00852513 /* StreamVideo in Frameworks */ = {isa = PBXBuildFile; productRef = 5926327E2CE8330B00852513 /* StreamVideo */; };
		592632812CE8330B00852513 /* StreamVideoSwiftUI in Frameworks */ = {isa = PBXBuildFile; productRef = 592632802CE8330B00852513 /* StreamVideoSwiftUI */; };
		592632832CE8330B00852513 /* StreamVideoUIKit in Frameworks */ = {isa = PBXBuildFile; productRef = 592632822CE8330B00852513 /* StreamVideoUIKit */; };
/* End PBXBuildFile section */

/* Begin PBXContainerItemProxy section */
		59005BFC2CE61941009F5522 /* PBXContainerItemProxy */ = {
			isa = PBXContainerItemProxy;
			containerPortal = 59005AE52CE61816009F5522 /* RegisterDemoApp.xcodeproj */;
			proxyType = 2;
			remoteGlobalIDString = 59005BEE2CE61932009F5522;
			remoteInfo = Register;
		};
		590977552CE64B6000C77D8F /* PBXContainerItemProxy */ = {
			isa = PBXContainerItemProxy;
			containerPortal = 5909773C2CE64B3100C77D8F /* HomeDemoApp.xcodeproj */;
			proxyType = 2;
			remoteGlobalIDString = 590977472CE64B4400C77D8F;
			remoteInfo = Home;
		};
		590977D32CE7120700C77D8F /* PBXContainerItemProxy */ = {
			isa = PBXContainerItemProxy;
			containerPortal = 590977B72CE7117600C77D8F /* AIChatView.xcodeproj */;
			proxyType = 2;
			remoteGlobalIDString = 590977C22CE7119000C77D8F;
			remoteInfo = AIChat;
		};
		590978142CE7177100C77D8F /* PBXContainerItemProxy */ = {
			isa = PBXContainerItemProxy;
			containerPortal = 590977F72CE7170600C77D8F /* DoctorsChatDemoApp.xcodeproj */;
			proxyType = 2;
			remoteGlobalIDString = 590978022CE7172200C77D8F;
			remoteInfo = DoctorChat;
		};
		5926313A2CE72C3100852513 /* PBXContainerItemProxy */ = {
			isa = PBXContainerItemProxy;
			containerPortal = 5926311C2CE72B6200852513 /* MedicalPreparetDemoApp.xcodeproj */;
			proxyType = 2;
			remoteGlobalIDString = 592631272CE72BCA00852513;
			remoteInfo = MedicalPreparet;
		};
/* End PBXContainerItemProxy section */

/* Begin PBXCopyFilesBuildPhase section */
		59005B252CE61879009F5522 /* Embed Frameworks */ = {
			isa = PBXCopyFilesBuildPhase;
			buildActionMask = 2147483647;
			dstPath = "";
			dstSubfolderSpec = 10;
			files = (
				592631432CE7B81300852513 /* AIChat.framework in Embed Frameworks */,
				590977832CE6525F00C77D8F /* NetworkManager.framework in Embed Frameworks */,
				590977862CE6526700C77D8F /* Core.framework in Embed Frameworks */,
				592631472CE7B81700852513 /* Home.framework in Embed Frameworks */,
				5926314B2CE7B81B00852513 /* Register.framework in Embed Frameworks */,
				592631452CE7B81500852513 /* DoctorChat.framework in Embed Frameworks */,
				592631492CE7B81900852513 /* MedicalPreparet.framework in Embed Frameworks */,
			);
			name = "Embed Frameworks";
			runOnlyForDeploymentPostprocessing = 0;
		};
/* End PBXCopyFilesBuildPhase section */

/* Begin PBXFileReference section */
		59005AE52CE61816009F5522 /* RegisterDemoApp.xcodeproj */ = {isa = PBXFileReference; lastKnownFileType = "wrapper.pb-project"; name = RegisterDemoApp.xcodeproj; path = RegisterDemoApp/RegisterDemoApp.xcodeproj; sourceTree = "<group>"; };
		59005B012CE6183E009F5522 /* Core.xcodeproj */ = {isa = PBXFileReference; lastKnownFileType = "wrapper.pb-project"; name = Core.xcodeproj; path = Core/Core.xcodeproj; sourceTree = "<group>"; };
		5909773C2CE64B3100C77D8F /* HomeDemoApp.xcodeproj */ = {isa = PBXFileReference; lastKnownFileType = "wrapper.pb-project"; name = HomeDemoApp.xcodeproj; path = HomeDemoApp/HomeDemoApp.xcodeproj; sourceTree = "<group>"; };
		590977752CE6519600C77D8F /* NetworkManager.xcodeproj */ = {isa = PBXFileReference; lastKnownFileType = "wrapper.pb-project"; name = NetworkManager.xcodeproj; path = NetworkManager/NetworkManager.xcodeproj; sourceTree = "<group>"; };
		590977812CE6525F00C77D8F /* NetworkManager.framework */ = {isa = PBXFileReference; explicitFileType = wrapper.framework; path = NetworkManager.framework; sourceTree = BUILT_PRODUCTS_DIR; };
		590977842CE6526700C77D8F /* Core.framework */ = {isa = PBXFileReference; explicitFileType = wrapper.framework; path = Core.framework; sourceTree = BUILT_PRODUCTS_DIR; };
		590977B72CE7117600C77D8F /* AIChatView.xcodeproj */ = {isa = PBXFileReference; lastKnownFileType = "wrapper.pb-project"; name = AIChatView.xcodeproj; path = AIChatView/AIChatView.xcodeproj; sourceTree = "<group>"; };
		590977F72CE7170600C77D8F /* DoctorsChatDemoApp.xcodeproj */ = {isa = PBXFileReference; lastKnownFileType = "wrapper.pb-project"; name = DoctorsChatDemoApp.xcodeproj; path = DoctorsChatDemoApp/DoctorsChatDemoApp.xcodeproj; sourceTree = "<group>"; };
		5926311C2CE72B6200852513 /* MedicalPreparetDemoApp.xcodeproj */ = {isa = PBXFileReference; lastKnownFileType = "wrapper.pb-project"; name = MedicalPreparetDemoApp.xcodeproj; path = MedicalPreparetDemoApp/MedicalPreparetDemoApp.xcodeproj; sourceTree = "<group>"; };
		59D651FB2CE6123C002B3EA5 /* Medical.app */ = {isa = PBXFileReference; explicitFileType = wrapper.application; includeInIndex = 0; path = Medical.app; sourceTree = BUILT_PRODUCTS_DIR; };
/* End PBXFileReference section */

/* Begin PBXFileSystemSynchronizedRootGroup section */
		59D651FD2CE6123C002B3EA5 /* Medical */ = {
			isa = PBXFileSystemSynchronizedRootGroup;
			path = Medical;
			sourceTree = "<group>";
		};
/* End PBXFileSystemSynchronizedRootGroup section */

/* Begin PBXFrameworksBuildPhase section */
		59D651F82CE6123C002B3EA5 /* Frameworks */ = {
			isa = PBXFrameworksBuildPhase;
			buildActionMask = 2147483647;
			files = (
				592631462CE7B81700852513 /* Home.framework in Frameworks */,
				590977822CE6525F00C77D8F /* NetworkManager.framework in Frameworks */,
				590977852CE6526700C77D8F /* Core.framework in Frameworks */,
				592632832CE8330B00852513 /* StreamVideoUIKit in Frameworks */,
				592632812CE8330B00852513 /* StreamVideoSwiftUI in Frameworks */,
				592631422CE7B81300852513 /* AIChat.framework in Frameworks */,
				5926314A2CE7B81B00852513 /* Register.framework in Frameworks */,
				592631442CE7B81500852513 /* DoctorChat.framework in Frameworks */,
				5926327F2CE8330B00852513 /* StreamVideo in Frameworks */,
				592631482CE7B81900852513 /* MedicalPreparet.framework in Frameworks */,
			);
			runOnlyForDeploymentPostprocessing = 0;
		};
/* End PBXFrameworksBuildPhase section */

/* Begin PBXGroup section */
		59005AE62CE61816009F5522 /* Products */ = {
			isa = PBXGroup;
			children = (
				59005BFD2CE61941009F5522 /* Register.framework */,
			);
			name = Products;
			sourceTree = "<group>";
		};
		59005B222CE61879009F5522 /* Frameworks */ = {
			isa = PBXGroup;
			children = (
				590977842CE6526700C77D8F /* Core.framework */,
				590977812CE6525F00C77D8F /* NetworkManager.framework */,
			);
			name = Frameworks;
			sourceTree = "<group>";
		};
		5909773D2CE64B3100C77D8F /* Products */ = {
			isa = PBXGroup;
			children = (
				590977562CE64B6000C77D8F /* Home.framework */,
			);
			name = Products;
			sourceTree = "<group>";
		};
		590977B82CE7117600C77D8F /* Products */ = {
			isa = PBXGroup;
			children = (
				590977D42CE7120700C77D8F /* AIChat.framework */,
			);
			name = Products;
			sourceTree = "<group>";
		};
		590977F82CE7170600C77D8F /* Products */ = {
			isa = PBXGroup;
			children = (
				590978152CE7177100C77D8F /* DoctorChat.framework */,
			);
			name = Products;
			sourceTree = "<group>";
		};
		592630F72CE71DFF00852513 /* Products */ = {
			isa = PBXGroup;
			children = (
			);
			name = Products;
			sourceTree = "<group>";
		};
		592630F92CE71DFF00852513 /* Products */ = {
			isa = PBXGroup;
			children = (
			);
			name = Products;
			sourceTree = "<group>";
		};
		5926311D2CE72B6200852513 /* Products */ = {
			isa = PBXGroup;
			children = (
				5926313B2CE72C3100852513 /* MedicalPreparet.framework */,
			);
			name = Products;
			sourceTree = "<group>";
		};
		59D651F22CE6123C002B3EA5 = {
			isa = PBXGroup;
			children = (
				59D651FD2CE6123C002B3EA5 /* Medical */,
				5926311C2CE72B6200852513 /* MedicalPreparetDemoApp.xcodeproj */,
				590977F72CE7170600C77D8F /* DoctorsChatDemoApp.xcodeproj */,
				590977B72CE7117600C77D8F /* AIChatView.xcodeproj */,
				5909773C2CE64B3100C77D8F /* HomeDemoApp.xcodeproj */,
				59005AE52CE61816009F5522 /* RegisterDemoApp.xcodeproj */,
				590977752CE6519600C77D8F /* NetworkManager.xcodeproj */,
				59005B012CE6183E009F5522 /* Core.xcodeproj */,
				59005B222CE61879009F5522 /* Frameworks */,
				59D651FC2CE6123C002B3EA5 /* Products */,
			);
			sourceTree = "<group>";
		};
		59D651FC2CE6123C002B3EA5 /* Products */ = {
			isa = PBXGroup;
			children = (
				59D651FB2CE6123C002B3EA5 /* Medical.app */,
			);
			name = Products;
			sourceTree = "<group>";
		};
/* End PBXGroup section */

/* Begin PBXNativeTarget section */
		59D651FA2CE6123C002B3EA5 /* Medical */ = {
			isa = PBXNativeTarget;
			buildConfigurationList = 59D652092CE6123D002B3EA5 /* Build configuration list for PBXNativeTarget "Medical" */;
			buildPhases = (
				59D651F72CE6123C002B3EA5 /* Sources */,
				59D651F82CE6123C002B3EA5 /* Frameworks */,
				59D651F92CE6123C002B3EA5 /* Resources */,
				59005B252CE61879009F5522 /* Embed Frameworks */,
			);
			buildRules = (
			);
			dependencies = (
			);
			fileSystemSynchronizedGroups = (
				59D651FD2CE6123C002B3EA5 /* Medical */,
			);
			name = Medical;
			packageProductDependencies = (
				5926327E2CE8330B00852513 /* StreamVideo */,
				592632802CE8330B00852513 /* StreamVideoSwiftUI */,
				592632822CE8330B00852513 /* StreamVideoUIKit */,
			);
			productName = Medical;
			productReference = 59D651FB2CE6123C002B3EA5 /* Medical.app */;
			productType = "com.apple.product-type.application";
		};
/* End PBXNativeTarget section */

/* Begin PBXProject section */
		59D651F32CE6123C002B3EA5 /* Project object */ = {
			isa = PBXProject;
			attributes = {
				BuildIndependentTargetsInParallel = 1;
				LastSwiftUpdateCheck = 1610;
				LastUpgradeCheck = 1610;
				TargetAttributes = {
					59D651FA2CE6123C002B3EA5 = {
						CreatedOnToolsVersion = 16.1;
					};
				};
			};
			buildConfigurationList = 59D651F62CE6123C002B3EA5 /* Build configuration list for PBXProject "Medical" */;
			developmentRegion = en;
			hasScannedForEncodings = 0;
			knownRegions = (
				en,
				Base,
			);
			mainGroup = 59D651F22CE6123C002B3EA5;
			minimizedProjectReferenceProxies = 1;
			packageReferences = (
				5926327D2CE8330B00852513 /* XCRemoteSwiftPackageReference "stream-video-swift" */,
			);
			preferredProjectObjectVersion = 77;
			productRefGroup = 59D651FC2CE6123C002B3EA5 /* Products */;
			projectDirPath = "";
			projectReferences = (
				{
					ProductGroup = 590977B82CE7117600C77D8F /* Products */;
					ProjectRef = 590977B72CE7117600C77D8F /* AIChatView.xcodeproj */;
				},
				{
					ProductGroup = 592630F92CE71DFF00852513 /* Products */;
					ProjectRef = 59005B012CE6183E009F5522 /* Core.xcodeproj */;
				},
				{
					ProductGroup = 590977F82CE7170600C77D8F /* Products */;
					ProjectRef = 590977F72CE7170600C77D8F /* DoctorsChatDemoApp.xcodeproj */;
				},
				{
					ProductGroup = 5909773D2CE64B3100C77D8F /* Products */;
					ProjectRef = 5909773C2CE64B3100C77D8F /* HomeDemoApp.xcodeproj */;
				},
				{
					ProductGroup = 5926311D2CE72B6200852513 /* Products */;
					ProjectRef = 5926311C2CE72B6200852513 /* MedicalPreparetDemoApp.xcodeproj */;
				},
				{
					ProductGroup = 592630F72CE71DFF00852513 /* Products */;
					ProjectRef = 590977752CE6519600C77D8F /* NetworkManager.xcodeproj */;
				},
				{
					ProductGroup = 59005AE62CE61816009F5522 /* Products */;
					ProjectRef = 59005AE52CE61816009F5522 /* RegisterDemoApp.xcodeproj */;
				},
			);
			projectRoot = "";
			targets = (
				59D651FA2CE6123C002B3EA5 /* Medical */,
			);
		};
/* End PBXProject section */

/* Begin PBXReferenceProxy section */
		59005BFD2CE61941009F5522 /* Register.framework */ = {
			isa = PBXReferenceProxy;
			fileType = wrapper.framework;
			path = Register.framework;
			remoteRef = 59005BFC2CE61941009F5522 /* PBXContainerItemProxy */;
			sourceTree = BUILT_PRODUCTS_DIR;
		};
		590977562CE64B6000C77D8F /* Home.framework */ = {
			isa = PBXReferenceProxy;
			fileType = wrapper.framework;
			path = Home.framework;
			remoteRef = 590977552CE64B6000C77D8F /* PBXContainerItemProxy */;
			sourceTree = BUILT_PRODUCTS_DIR;
		};
		590977D42CE7120700C77D8F /* AIChat.framework */ = {
			isa = PBXReferenceProxy;
			fileType = wrapper.framework;
			path = AIChat.framework;
			remoteRef = 590977D32CE7120700C77D8F /* PBXContainerItemProxy */;
			sourceTree = BUILT_PRODUCTS_DIR;
		};
		590978152CE7177100C77D8F /* DoctorChat.framework */ = {
			isa = PBXReferenceProxy;
			fileType = wrapper.framework;
			path = DoctorChat.framework;
			remoteRef = 590978142CE7177100C77D8F /* PBXContainerItemProxy */;
			sourceTree = BUILT_PRODUCTS_DIR;
		};
		5926313B2CE72C3100852513 /* MedicalPreparet.framework */ = {
			isa = PBXReferenceProxy;
			fileType = wrapper.framework;
			path = MedicalPreparet.framework;
			remoteRef = 5926313A2CE72C3100852513 /* PBXContainerItemProxy */;
			sourceTree = BUILT_PRODUCTS_DIR;
		};
/* End PBXReferenceProxy section */

/* Begin PBXResourcesBuildPhase section */
		59D651F92CE6123C002B3EA5 /* Resources */ = {
			isa = PBXResourcesBuildPhase;
			buildActionMask = 2147483647;
			files = (
			);
			runOnlyForDeploymentPostprocessing = 0;
		};
/* End PBXResourcesBuildPhase section */

/* Begin PBXSourcesBuildPhase section */
		59D651F72CE6123C002B3EA5 /* Sources */ = {
			isa = PBXSourcesBuildPhase;
			buildActionMask = 2147483647;
			files = (
			);
			runOnlyForDeploymentPostprocessing = 0;
		};
/* End PBXSourcesBuildPhase section */

/* Begin XCBuildConfiguration section */
		59D652072CE6123D002B3EA5 /* Debug */ = {
			isa = XCBuildConfiguration;
			buildSettings = {
				ALWAYS_SEARCH_USER_PATHS = NO;
				ASSETCATALOG_COMPILER_GENERATE_SWIFT_ASSET_SYMBOL_EXTENSIONS = YES;
				CLANG_ANALYZER_NONNULL = YES;
				CLANG_ANALYZER_NUMBER_OBJECT_CONVERSION = YES_AGGRESSIVE;
				CLANG_CXX_LANGUAGE_STANDARD = "gnu++20";
				CLANG_ENABLE_MODULES = YES;
				CLANG_ENABLE_OBJC_ARC = YES;
				CLANG_ENABLE_OBJC_WEAK = YES;
				CLANG_WARN_BLOCK_CAPTURE_AUTORELEASING = YES;
				CLANG_WARN_BOOL_CONVERSION = YES;
				CLANG_WARN_COMMA = YES;
				CLANG_WARN_CONSTANT_CONVERSION = YES;
				CLANG_WARN_DEPRECATED_OBJC_IMPLEMENTATIONS = YES;
				CLANG_WARN_DIRECT_OBJC_ISA_USAGE = YES_ERROR;
				CLANG_WARN_DOCUMENTATION_COMMENTS = YES;
				CLANG_WARN_EMPTY_BODY = YES;
				CLANG_WARN_ENUM_CONVERSION = YES;
				CLANG_WARN_INFINITE_RECURSION = YES;
				CLANG_WARN_INT_CONVERSION = YES;
				CLANG_WARN_NON_LITERAL_NULL_CONVERSION = YES;
				CLANG_WARN_OBJC_IMPLICIT_RETAIN_SELF = YES;
				CLANG_WARN_OBJC_LITERAL_CONVERSION = YES;
				CLANG_WARN_OBJC_ROOT_CLASS = YES_ERROR;
				CLANG_WARN_QUOTED_INCLUDE_IN_FRAMEWORK_HEADER = YES;
				CLANG_WARN_RANGE_LOOP_ANALYSIS = YES;
				CLANG_WARN_STRICT_PROTOTYPES = YES;
				CLANG_WARN_SUSPICIOUS_MOVE = YES;
				CLANG_WARN_UNGUARDED_AVAILABILITY = YES_AGGRESSIVE;
				CLANG_WARN_UNREACHABLE_CODE = YES;
				CLANG_WARN__DUPLICATE_METHOD_MATCH = YES;
				COPY_PHASE_STRIP = NO;
				DEBUG_INFORMATION_FORMAT = dwarf;
				ENABLE_STRICT_OBJC_MSGSEND = YES;
				ENABLE_TESTABILITY = YES;
				ENABLE_USER_SCRIPT_SANDBOXING = YES;
				GCC_C_LANGUAGE_STANDARD = gnu17;
				GCC_DYNAMIC_NO_PIC = NO;
				GCC_NO_COMMON_BLOCKS = YES;
				GCC_OPTIMIZATION_LEVEL = 0;
				GCC_PREPROCESSOR_DEFINITIONS = (
					"DEBUG=1",
					"$(inherited)",
				);
				GCC_WARN_64_TO_32_BIT_CONVERSION = YES;
				GCC_WARN_ABOUT_RETURN_TYPE = YES_ERROR;
				GCC_WARN_UNDECLARED_SELECTOR = YES;
				GCC_WARN_UNINITIALIZED_AUTOS = YES_AGGRESSIVE;
				GCC_WARN_UNUSED_FUNCTION = YES;
				GCC_WARN_UNUSED_VARIABLE = YES;
				IPHONEOS_DEPLOYMENT_TARGET = 18.1;
				LOCALIZATION_PREFERS_STRING_CATALOGS = YES;
				MTL_ENABLE_DEBUG_INFO = INCLUDE_SOURCE;
				MTL_FAST_MATH = YES;
				ONLY_ACTIVE_ARCH = YES;
				SDKROOT = iphoneos;
				SWIFT_ACTIVE_COMPILATION_CONDITIONS = "DEBUG $(inherited)";
				SWIFT_OPTIMIZATION_LEVEL = "-Onone";
			};
			name = Debug;
		};
		59D652082CE6123D002B3EA5 /* Release */ = {
			isa = XCBuildConfiguration;
			buildSettings = {
				ALWAYS_SEARCH_USER_PATHS = NO;
				ASSETCATALOG_COMPILER_GENERATE_SWIFT_ASSET_SYMBOL_EXTENSIONS = YES;
				CLANG_ANALYZER_NONNULL = YES;
				CLANG_ANALYZER_NUMBER_OBJECT_CONVERSION = YES_AGGRESSIVE;
				CLANG_CXX_LANGUAGE_STANDARD = "gnu++20";
				CLANG_ENABLE_MODULES = YES;
				CLANG_ENABLE_OBJC_ARC = YES;
				CLANG_ENABLE_OBJC_WEAK = YES;
				CLANG_WARN_BLOCK_CAPTURE_AUTORELEASING = YES;
				CLANG_WARN_BOOL_CONVERSION = YES;
				CLANG_WARN_COMMA = YES;
				CLANG_WARN_CONSTANT_CONVERSION = YES;
				CLANG_WARN_DEPRECATED_OBJC_IMPLEMENTATIONS = YES;
				CLANG_WARN_DIRECT_OBJC_ISA_USAGE = YES_ERROR;
				CLANG_WARN_DOCUMENTATION_COMMENTS = YES;
				CLANG_WARN_EMPTY_BODY = YES;
				CLANG_WARN_ENUM_CONVERSION = YES;
				CLANG_WARN_INFINITE_RECURSION = YES;
				CLANG_WARN_INT_CONVERSION = YES;
				CLANG_WARN_NON_LITERAL_NULL_CONVERSION = YES;
				CLANG_WARN_OBJC_IMPLICIT_RETAIN_SELF = YES;
				CLANG_WARN_OBJC_LITERAL_CONVERSION = YES;
				CLANG_WARN_OBJC_ROOT_CLASS = YES_ERROR;
				CLANG_WARN_QUOTED_INCLUDE_IN_FRAMEWORK_HEADER = YES;
				CLANG_WARN_RANGE_LOOP_ANALYSIS = YES;
				CLANG_WARN_STRICT_PROTOTYPES = YES;
				CLANG_WARN_SUSPICIOUS_MOVE = YES;
				CLANG_WARN_UNGUARDED_AVAILABILITY = YES_AGGRESSIVE;
				CLANG_WARN_UNREACHABLE_CODE = YES;
				CLANG_WARN__DUPLICATE_METHOD_MATCH = YES;
				COPY_PHASE_STRIP = NO;
				DEBUG_INFORMATION_FORMAT = "dwarf-with-dsym";
				ENABLE_NS_ASSERTIONS = NO;
				ENABLE_STRICT_OBJC_MSGSEND = YES;
				ENABLE_USER_SCRIPT_SANDBOXING = YES;
				GCC_C_LANGUAGE_STANDARD = gnu17;
				GCC_NO_COMMON_BLOCKS = YES;
				GCC_WARN_64_TO_32_BIT_CONVERSION = YES;
				GCC_WARN_ABOUT_RETURN_TYPE = YES_ERROR;
				GCC_WARN_UNDECLARED_SELECTOR = YES;
				GCC_WARN_UNINITIALIZED_AUTOS = YES_AGGRESSIVE;
				GCC_WARN_UNUSED_FUNCTION = YES;
				GCC_WARN_UNUSED_VARIABLE = YES;
				IPHONEOS_DEPLOYMENT_TARGET = 18.1;
				LOCALIZATION_PREFERS_STRING_CATALOGS = YES;
				MTL_ENABLE_DEBUG_INFO = NO;
				MTL_FAST_MATH = YES;
				SDKROOT = iphoneos;
				SWIFT_COMPILATION_MODE = wholemodule;
				VALIDATE_PRODUCT = YES;
			};
			name = Release;
		};
		59D6520A2CE6123D002B3EA5 /* Debug */ = {
			isa = XCBuildConfiguration;
			buildSettings = {
				ASSETCATALOG_COMPILER_APPICON_NAME = AppIcon;
				ASSETCATALOG_COMPILER_GLOBAL_ACCENT_COLOR_NAME = AccentColor;
				CODE_SIGN_ENTITLEMENTS = Medical/Medical.entitlements;
				CODE_SIGN_STYLE = Automatic;
				CURRENT_PROJECT_VERSION = 1;
				DEVELOPMENT_ASSET_PATHS = "\"Medical/Preview Content\"";
				DEVELOPMENT_TEAM = 3DJM2CZRX2;
				ENABLE_PREVIEWS = YES;
				GENERATE_INFOPLIST_FILE = YES;
				INFOPLIST_KEY_CFBundleDisplayName = HealthTrack;
				"INFOPLIST_KEY_CFBundleDisplayName[sdk=iphoneos*]" = HealthTrack;
				INFOPLIST_KEY_NSHealthShareUsageDescription = "We need access to your health data to display metrics.";
				INFOPLIST_KEY_UIApplicationSceneManifest_Generation = YES;
				INFOPLIST_KEY_UIApplicationSupportsIndirectInputEvents = YES;
				INFOPLIST_KEY_UILaunchScreen_Generation = YES;
				INFOPLIST_KEY_UISupportedInterfaceOrientations = UIInterfaceOrientationPortrait;
				INFOPLIST_KEY_UISupportedInterfaceOrientations_iPad = "UIInterfaceOrientationLandscapeLeft UIInterfaceOrientationLandscapeRight UIInterfaceOrientationPortrait UIInterfaceOrientationPortraitUpsideDown";
				IPHONEOS_DEPLOYMENT_TARGET = 16.0;
				LD_RUNPATH_SEARCH_PATHS = (
					"$(inherited)",
					"@executable_path/Frameworks",
				);
				MARKETING_VERSION = 1.0;
				PRODUCT_BUNDLE_IDENTIFIER = AssA.Medical;
				PRODUCT_NAME = "$(TARGET_NAME)";
				SUPPORTED_PLATFORMS = "iphoneos iphonesimulator";
				SUPPORTS_MACCATALYST = NO;
				SUPPORTS_MAC_DESIGNED_FOR_IPHONE_IPAD = NO;
				SUPPORTS_XR_DESIGNED_FOR_IPHONE_IPAD = NO;
				SWIFT_EMIT_LOC_STRINGS = YES;
				SWIFT_VERSION = 5.0;
				TARGETED_DEVICE_FAMILY = 1;
			};
			name = Debug;
		};
		59D6520B2CE6123D002B3EA5 /* Release */ = {
			isa = XCBuildConfiguration;
			buildSettings = {
				ASSETCATALOG_COMPILER_APPICON_NAME = AppIcon;
				ASSETCATALOG_COMPILER_GLOBAL_ACCENT_COLOR_NAME = AccentColor;
				CODE_SIGN_ENTITLEMENTS = Medical/Medical.entitlements;
				CODE_SIGN_STYLE = Automatic;
				CURRENT_PROJECT_VERSION = 1;
				DEVELOPMENT_ASSET_PATHS = "\"Medical/Preview Content\"";
				DEVELOPMENT_TEAM = 3DJM2CZRX2;
				ENABLE_PREVIEWS = YES;
				GENERATE_INFOPLIST_FILE = YES;
				INFOPLIST_KEY_CFBundleDisplayName = HealthTrack;
				INFOPLIST_KEY_NSHealthShareUsageDescription = "We need access to your health data to display metrics.";
				INFOPLIST_KEY_UIApplicationSceneManifest_Generation = YES;
				INFOPLIST_KEY_UIApplicationSupportsIndirectInputEvents = YES;
				INFOPLIST_KEY_UILaunchScreen_Generation = YES;
				INFOPLIST_KEY_UISupportedInterfaceOrientations = UIInterfaceOrientationPortrait;
				INFOPLIST_KEY_UISupportedInterfaceOrientations_iPad = "UIInterfaceOrientationLandscapeLeft UIInterfaceOrientationLandscapeRight UIInterfaceOrientationPortrait UIInterfaceOrientationPortraitUpsideDown";
				IPHONEOS_DEPLOYMENT_TARGET = 16.0;
				LD_RUNPATH_SEARCH_PATHS = (
					"$(inherited)",
					"@executable_path/Frameworks",
				);
				MARKETING_VERSION = 1.0;
				PRODUCT_BUNDLE_IDENTIFIER = AssA.Medical;
				PRODUCT_NAME = "$(TARGET_NAME)";
				SUPPORTED_PLATFORMS = "iphoneos iphonesimulator";
				SUPPORTS_MACCATALYST = NO;
				SUPPORTS_MAC_DESIGNED_FOR_IPHONE_IPAD = NO;
				SUPPORTS_XR_DESIGNED_FOR_IPHONE_IPAD = NO;
				SWIFT_EMIT_LOC_STRINGS = YES;
				SWIFT_VERSION = 5.0;
				TARGETED_DEVICE_FAMILY = 1;
			};
			name = Release;
		};
/* End XCBuildConfiguration section */

/* Begin XCConfigurationList section */
		59D651F62CE6123C002B3EA5 /* Build configuration list for PBXProject "Medical" */ = {
			isa = XCConfigurationList;
			buildConfigurations = (
				59D652072CE6123D002B3EA5 /* Debug */,
				59D652082CE6123D002B3EA5 /* Release */,
			);
			defaultConfigurationIsVisible = 0;
			defaultConfigurationName = Release;
		};
		59D652092CE6123D002B3EA5 /* Build configuration list for PBXNativeTarget "Medical" */ = {
			isa = XCConfigurationList;
			buildConfigurations = (
				59D6520A2CE6123D002B3EA5 /* Debug */,
				59D6520B2CE6123D002B3EA5 /* Release */,
			);
			defaultConfigurationIsVisible = 0;
			defaultConfigurationName = Release;
		};
/* End XCConfigurationList section */

/* Begin XCRemoteSwiftPackageReference section */
		5926327D2CE8330B00852513 /* XCRemoteSwiftPackageReference "stream-video-swift" */ = {
			isa = XCRemoteSwiftPackageReference;
			repositoryURL = "https://github.com/GetStream/stream-video-swift";
			requirement = {
				kind = upToNextMajorVersion;
				minimumVersion = 1.14.1;
			};
		};
/* End XCRemoteSwiftPackageReference section */

/* Begin XCSwiftPackageProductDependency section */
		5926327E2CE8330B00852513 /* StreamVideo */ = {
			isa = XCSwiftPackageProductDependency;
			package = 5926327D2CE8330B00852513 /* XCRemoteSwiftPackageReference "stream-video-swift" */;
			productName = StreamVideo;
		};
		592632802CE8330B00852513 /* StreamVideoSwiftUI */ = {
			isa = XCSwiftPackageProductDependency;
			package = 5926327D2CE8330B00852513 /* XCRemoteSwiftPackageReference "stream-video-swift" */;
			productName = StreamVideoSwiftUI;
		};
		592632822CE8330B00852513 /* StreamVideoUIKit */ = {
			isa = XCSwiftPackageProductDependency;
			package = 5926327D2CE8330B00852513 /* XCRemoteSwiftPackageReference "stream-video-swift" */;
			productName = StreamVideoUIKit;
		};
/* End XCSwiftPackageProductDependency section */
	};
	rootObject = 59D651F32CE6123C002B3EA5 /* Project object */;
}
